
Microsoft Visual Studio Solution File, Format Version 12.00
# Visual Studio Version 17
VisualStudioVersion = 17.2.32616.157
MinimumVisualStudioVersion = 10.0.40219.1
Project("{FAE04EC0-301F-11D3-BF4B-00C04F79EFBC}") = "consumption-news-weather-api", "consumption-news-weather-api.csproj", "{75B74977-FF84-4CE6-8C73-4719C1DCC432}"
EndProject
Global
	GlobalSection(SolutionConfigurationPlatforms) = preSolution
		Debug|Any CPU = Debug|Any CPU
		Release|Any CPU = Release|Any CPU
	EndGlobalSection
	GlobalSection(ProjectConfigurationPlatforms) = postSolution
		{75B74977-FF84-4CE6-8C73-4719C1DCC432}.Debug|Any CPU.ActiveCfg = Debug|Any CPU
		{75B74977-FF84-4CE6-8C73-4719C1DCC432}.Debug|Any CPU.Build.0 = Debug|Any CPU
		{75B74977-FF84-4CE6-8C73-4719C1DCC432}.Release|Any CPU.ActiveCfg = Release|Any CPU
		{75B74977-FF84-4CE6-8C73-4719C1DCC432}.Release|Any CPU.Build.0 = Release|Any CPU
	EndGlobalSection
	GlobalSection(SolutionProperties) = preSolution
		HideSolutionNode = FALSE
	EndGlobalSection
	GlobalSection(ExtensibilityGlobals) = postSolution
		SolutionGuid = {57BE30BB-D9EE-48FF-B0EE-6DB5F3C463BC}
	EndGlobalSection
EndGlobal
